Microsoft Visual Studio Solution File, Format Version 12.00
# Visual Studio 15
VisualStudioVersion = 15.0.26403.7
MinimumVisualStudioVersion = 10.0.40219.1
Project("{FAE04EC0-301F-11D3-BF4B-00C04F79EFBC}") = "Part19_Classes", "Part19_Classes\Part19_Classes.csproj", "{4CA03D37-F6F8-4F89-8BBC-F4F47C4EAA71}"
EndProject
Project("{FAE04EC0-301F-11D3-BF4B-00C04F79EFBC}") = "Part20_StaticAndInstanceClassMember", "Part20_StaticAndInstanceClassMember\Part20_StaticAndInstanceClassMember.csproj", "{7A8A794F-0C57-4C0F-9453-B21561E1FCB8}"
EndProject
Project("{FAE04EC0-301F-11D3-BF4B-00C04F79EFBC}") = "Part21_Inheritance", "Part21_Inheritance\Part21_Inheritance.csproj", "{F77CD8BD-E8DB-4B94-BF08-C33923A5DE4B}"
EndProject
Project("{FAE04EC0-301F-11D3-BF4B-00C04F79EFBC}") = "Part22_MethodHiding", "Part22_MethodHiding\Part22_MethodHiding.csproj", "{D762AF86-BFE3-493B-8D6C-11A7B6967990}"
EndProject
Project("{FAE04EC0-301F-11D3-BF4B-00C04F79EFBC}") = "Part23_Polymorphism", "Part23_Polymorphism\Part23_Polymorphism.csproj", "{99451A89-0F42-415E-9F60-432ECA99CC0C}"
EndProject
Project("{FAE04EC0-301F-11D3-BF4B-00C04F79EFBC}") = "Part24_MethodOverringAndMethodHiding", "Part24_MethodOverringAndMethodHiding\Part24_MethodOverringAndMethodHiding.csproj", "{10772962-A842-4137-A94B-D1CDEA26D7EF}"
EndProject
Project("{FAE04EC0-301F-11D3-BF4B-00C04F79EFBC}") = "Part25_MethodOverloading", "Part25_MethodOverloading\Part25_MethodOverloading.csproj", "{0025AE24-BBF7-4C72-9BEF-8DDD6346239B}"
EndProject
Project("{FAE04EC0-301F-11D3-BF4B-00C04F79EFBC}") = "Part26_WhyProperties", "Part26_Properties\Part26_WhyProperties.csproj", "{B708E20C-E8AC-4E4D-BC1C-EE00869676D2}"
EndProject
Project("{FAE04EC0-301F-11D3-BF4B-00C04F79EFBC}") = "Part27_Properties", "Part27_Properties\Part27_Properties.csproj", "{65FB307E-8006-4C00-8B8C-AD4153E8F02C}"
EndProject
Project("{FAE04EC0-301F-11D3-BF4B-00C04F79EFBC}") = "Part28_Structs", "Part28_Structs\Part28_Structs.csproj", "{3BFC376D-E49D-4BEB-8E4F-93DDBC77C363}"
EndProject
Project("{FAE04EC0-301F-11D3-BF4B-00C04F79EFBC}") = "Part29_ClassVsStruct", "Part29_ClassVsStruct\Part29_ClassVsStruct.csproj", "{62003C37-DCBD-4C15-A7B7-BA2F7DFA9E9B}"
EndProject
Project("{FAE04EC0-301F-11D3-BF4B-00C04F79EFBC}") = "Part30_Interfaces", "Part30_Interfaces\Part30_Interfaces.csproj", "{29C8EC31-C05D-45BA-AC22-E5DBA43AE3B1}"
EndProject
Project("{FAE04EC0-301F-11D3-BF4B-00C04F79EFBC}") = "Part31_ExplicitInterface", "Part31_ExplicitInterface\Part31_ExplicitInterface.csproj", "{A15E5C11-0074-4EB3-A083-55689BAA2A15}"
EndProject
Project("{FAE04EC0-301F-11D3-BF4B-00C04F79EFBC}") = "Part32_AbstractClass", "Part32_AbstractClass\Part32_AbstractClass.csproj", "{334D8AAA-16B3-48FC-97B6-B8ED7B76BC1A}"
EndProject
Project("{FAE04EC0-301F-11D3-BF4B-00C04F79EFBC}") = "Part33_AbstractVsInterface", "Part33_AbstractVsInterface\Part33_AbstractVsInterface.csproj", "{256B955C-9FEA-41D4-8052-3CEEA6AA4AAB}"
EndProject
Project("{FAE04EC0-301F-11D3-BF4B-00C04F79EFBC}") = "Part35_MultipleInheritanceUsingInterfaces", "Part35_MultipleInheritanceUsingInterfaces\Part35_MultipleInheritanceUsingInterfaces.csproj", "{4C0D48A3-4BBD-48C0-BE92-CE98713CC429}"
EndProject
Project("{FAE04EC0-301F-11D3-BF4B-00C04F79EFBC}") = "Part36_Delegate", "Part36_Delegate\Part36_Delegate.csproj", "{09A6D38D-0002-4841-9B18-A284B17FDEBE}"
EndProject
Project("{FAE04EC0-301F-11D3-BF4B-00C04F79EFBC}") = "Part37_DelegateUsage", "Part37_DelegateUsage\Part37_DelegateUsage.csproj", "{A817FA98-1AEE-4959-AC61-63A1DA192617}"
EndProject
Project("{FAE04EC0-301F-11D3-BF4B-00C04F79EFBC}") = "Part39_MulticastDelegate", "Part39_MulticastDelegate\Part39_MulticastDelegate.csproj", "{8A9EE9AE-1D9B-4F59-A97C-8AB0F09457B7}"
EndProject
Project("{FAE04EC0-301F-11D3-BF4B-00C04F79EFBC}") = "Part81_WhenDictionaryOverList", "Part80_WhenDictionaryOverList\Part81_WhenDictionaryOverList.csproj", "{13BC4CB2-CB2A-464A-A5C0-8211A16124F0}"
EndProject
Project("{FAE04EC0-301F-11D3-BF4B-00C04F79EFBC}") = "Part57_OverrideToString", "Part57_OverrideToString\Part57_OverrideToString.csproj", "{AE0F8B6A-8F8A-47EA-A0AF-07E5ECBE2673}"
EndProject
Project("{FAE04EC0-301F-11D3-BF4B-00C04F79EFBC}") = "Part60_StringVsStringBuilder", "Part60_StringVsStringBuilder\Part60_StringVsStringBuilder.csproj", "{DF002DC2-1267-4796-867E-99B5E3915FBF}"
EndProject
Project("{FAE04EC0-301F-11D3-BF4B-00C04F79EFBC}") = "Part67_OptionalParameter", "Part67_OptionalParameter\Part67_OptionalParameter.csproj", "{03BEFCE8-6067-4300-8960-CE4FE7944DD1}"
EndProject
Project("{FAE04EC0-301F-11D3-BF4B-00C04F79EFBC}") = "Part45_WhyEnums", "Part45_WhyEnums\Part45_WhyEnums.csproj", "{AB28AEC3-575F-45C5-B347-760F5F6EC25A}"
EndProject
Project("{FAE04EC0-301F-11D3-BF4B-00C04F79EFBC}") = "Part46_EnumsExample", "Part46_EnumsExample\Part46_EnumsExample.csproj", "{953177D6-2A00-43D4-876F-9D44E7E559E3}"
EndProject
Project("{FAE04EC0-301F-11D3-BF4B-00C04F79EFBC}") = "Part48_TypesAndTypeMembers", "Part48_TypesAndTypeMembers\Part48_TypesAndTypeMembers.csproj", "{AFC34C2B-BD28-4ED8-AE5F-64BD56C36447}"
EndProject
Project("{FAE04EC0-301F-11D3-BF4B-00C04F79EFBC}") = "Part72_Dictionary", "Part72_Dictionary\Part72_Dictionary.csproj", "{4BAA0A9B-BD85-45C1-BEEB-D48379284999}"
EndProject
Project("{FAE04EC0-301F-11D3-BF4B-00C04F79EFBC}") = "Part73_MethodsOfDictionary", "Part73_MethodsOfDictionary\Part73_MethodsOfDictionary.csproj", "{65437FDE-5C14-41B4-AA51-91588A239BC8}"
EndProject
Project("{FAE04EC0-301F-11D3-BF4B-00C04F79EFBC}") = "Part74_ListCollection", "Part74_ListCollection\Part74_ListCollection.csproj", "{20E80990-3890-44F7-8290-507DAC7DB105}"
EndProject
Project("{FAE04EC0-301F-11D3-BF4B-00C04F79EFBC}") = "Part98_AnonymousMethod", "Part98_AnonymousMethod\Part98_AnonymousMethod.csproj", "{E718A285-1F76-4314-B2F1-9823A2B4F138}"
EndProject
Project("{FAE04EC0-301F-11D3-BF4B-00C04F79EFBC}") = "Part99_LambdaExpression", "Part99_LambdaExpression\Part99_LambdaExpression.csproj", "{B8BEA9EC-9951-4F3B-ABAE-F514D3A01212}"
EndProject
Project("{FAE04EC0-301F-11D3-BF4B-00C04F79EFBC}") = "Part100_FunctionDelegate", "Part100_FunctionDelegate\Part100_FunctionDelegate.csproj", "{6D1F2424-7C5D-4FA8-9E10-CA63D4A70BC2}"
EndProject
Project("{FAE04EC0-301F-11D3-BF4B-00C04F79EFBC}") = "Part86_Multithreading", "Part86_Multithreading\Part86_Multithreading.csproj", "{9B31699B-0A8B-481A-8F42-AB580EAFD144}"
EndProject
Project("{FAE04EC0-301F-11D3-BF4B-00C04F79EFBC}") = "Part87_AdvantagesAndDisadvantagesOfMultithreading", "Part87_AdvantagesAndDisadvantagesOfMultithreading\Part87_AdvantagesAndDisadvantagesOfMultithreading.csproj", "{2CF03026-87B5-4EE4-8BDA-DFF1663ED13F}"
EndProject
Project("{FAE04EC0-301F-11D3-BF4B-00C04F79EFBC}") = "Part88_ThreadStartDelegate", "Part88_ThreadStartDelegate\Part88_ThreadStartDelegate.csproj", "{74C013F8-BC07-4B0B-A490-03FC2D295DD4}"
EndProject
Project("{FAE04EC0-301F-11D3-BF4B-00C04F79EFBC}") = "Part40_ExceptionHandling", "Part40_ExceptionHandling\Part40_ExceptionHandling.csproj", "{62429798-E5C9-4FA7-B732-EBB9F51AF579}"
EndProject
Project("{FAE04EC0-301F-11D3-BF4B-00C04F79EFBC}") = "Part41_InnerException", "Part41_InnerException\Part41_InnerException.csproj", "{1F9746F2-818B-4AFB-A347-C70697891085}"
EndProject
Project("{FAE04EC0-301F-11D3-BF4B-00C04F79EFBC}") = "Part47_EnumsConcept", "Part47_EnumsConcept\Part47_EnumsConcept.csproj", "{4B216903-152B-49DF-83D2-F210808C0ECA}"
EndProject
Project("{FAE04EC0-301F-11D3-BF4B-00C04F79EFBC}") = "Part56_Generic", "Part56_Generic\Part56_Generic.csproj", "{1A2CF409-1F0F-40DA-9B6F-50D0AE372208}"
EndProject
Project("{FAE04EC0-301F-11D3-BF4B-00C04F79EFBC}") = "Part75_MethodsOfList", "Part75_MethodsOfList\Part75_MethodsOfList.csproj", "{2793CA71-7F40-4DA2-9F10-9D847C8F2F6F}"
EndProject
Project("{FAE04EC0-301F-11D3-BF4B-00C04F79EFBC}") = "Part76_GenericListClassAndRanges", "Part76_GenericListClassAndRanges\Part76_GenericListClassAndRanges.csproj", "{1AB235EE-BCF4-475C-80CB-9F2E322BD970}"
EndProject
Project("{FAE04EC0-301F-11D3-BF4B-00C04F79EFBC}") = "Part77_SortingListSimpleTypes", "Part77_SortingListSimpleTypes\Part77_SortingListSimpleTypes.csproj", "{66485F32-FD9B-4DA0-B88C-C86EB93A49F4}"
EndProject
Project("{FAE04EC0-301F-11D3-BF4B-00C04F79EFBC}") = "Part78_SortingListComplexTypes", "Part78_SortingListComplexTypes\Part78_SortingListComplexTypes.csproj", "{46263B7F-353C-4A15-AD86-60299D0F0684}"
EndProject
Project("{FAE04EC0-301F-11D3-BF4B-00C04F79EFBC}") = "Part79_SortListComplexTypesUsingComparisonDelegate", "Part79_SortListComplexTypesUsingComparisonDelegate\Part79_SortListComplexTypesUsingComparisonDelegate.csproj", "{99886835-63CA-481F-B8EB-351D8CB62BA1}"
EndProject
Project("{FAE04EC0-301F-11D3-BF4B-00C04F79EFBC}") = "Part80_UsefulMethodsOfList", "Part80_UsefulMethodsOfList\Part80_UsefulMethodsOfList.csproj", "{44E50BCC-2252-43B7-81DA-5C3E56C8E836}"
EndProject
Project("{FAE04EC0-301F-11D3-BF4B-00C04F79EFBC}") = "Part82_GenericQueue", "Part82_GenericQueue\Part82_GenericQueue.csproj", "{AE6C1442-779A-4A6D-9DEC-1F043BEBE27B}"
EndProject
Project("{FAE04EC0-301F-11D3-BF4B-00C04F79EFBC}") = "Part83_GenericStack", "Part83_GenericStock\Part83_GenericStack.csproj", "{D5B8ED17-3E19-4266-BB99-442A0A7C561B}"
EndProject
Project("{FAE04EC0-301F-11D3-BF4B-00C04F79EFBC}") = "Part49_AccessModifiers", "Part49_AccessModifiers\Part49_AccessModifiers.csproj", "{9C79B039-D008-4E0F-8C92-2A69CFAB6960}"
EndProject
Project("{FAE04EC0-301F-11D3-BF4B-00C04F79EFBC}") = "Part06_NullableType", "Part06_NullableType\Part06_NullableType.csproj", "{6C3E3432-2459-492E-810A-77269FD06CD4}"
EndProject
Project("{FAE04EC0-301F-11D3-BF4B-00C04F79EFBC}") = "Part07_DataTypeConversions", "Part07_DataTypeConversions\Part07_DataTypeConversions.csproj", "{17EF0E8B-59C6-4337-9627-FD615A336576}"
EndProject
Project("{FAE04EC0-301F-11D3-BF4B-00C04F79EFBC}") = "Part08_Arrays", "Part08_Arrays\Part08_Arrays.csproj", "{33D487AF-587A-4451-84B7-7A8FE7C1B187}"
EndProject
Project("{FAE04EC0-301F-11D3-BF4B-00C04F79EFBC}") = "Part51_AccessModifiersForTypes", "Part51_AccessModifiersForTypes\Part51_AccessModifiersForTypes.csproj", "{4D52782D-4277-40B8-B245-F61158006072}"
EndProject
Project("{FAE04EC0-301F-11D3-BF4B-00C04F79EFBC}") = "Part50_AccessModifiersInternalAndProtectedInternal", "Part50_AccessModifiersInternalAndProtectedInternal\Part50_AccessModifiersInternalAndProtectedInternal.csproj", "{5954FC73-D634-4451-BB8D-E4221CF58BDB}"
EndProject
Project("{FAE04EC0-301F-11D3-BF4B-00C04F79EFBC}") = "AssemblyOne", "AssenblyOne\AssemblyOne.csproj", "{560F671D-A514-411A-9EAC-6112C75609A8}"
EndProject
Global
	GlobalSection(SolutionConfigurationPlatforms) = preSolution
		Debug|Any CPU = Debug|Any CPU
		Debug|x86 = Debug|x86
		Release|Any CPU = Release|Any CPU
		Release|x86 = Release|x86
	EndGlobalSection
	GlobalSection(ProjectConfigurationPlatforms) = postSolution
		{4CA03D37-F6F8-4F89-8BBC-F4F47C4EAA71}.Debug|Any CPU.ActiveCfg = Debug|x86
		{4CA03D37-F6F8-4F89-8BBC-F4F47C4EAA71}.Debug|x86.ActiveCfg = Debug|x86
		{4CA03D37-F6F8-4F89-8BBC-F4F47C4EAA71}.Debug|x86.Build.0 = Debug|x86
		{4CA03D37-F6F8-4F89-8BBC-F4F47C4EAA71}.Release|Any CPU.ActiveCfg = Release|x86
		{4CA03D37-F6F8-4F89-8BBC-F4F47C4EAA71}.Release|x86.ActiveCfg = Release|x86
		{4CA03D37-F6F8-4F89-8BBC-F4F47C4EAA71}.Release|x86.Build.0 = Release|x86
		{7A8A794F-0C57-4C0F-9453-B21561E1FCB8}.Debug|Any CPU.ActiveCfg = Debug|x86
		{7A8A794F-0C57-4C0F-9453-B21561E1FCB8}.Debug|x86.ActiveCfg = Debug|x86
		{7A8A794F-0C57-4C0F-9453-B21561E1FCB8}.Debug|x86.Build.0 = Debug|x86
		{7A8A794F-0C57-4C0F-9453-B21561E1FCB8}.Release|Any CPU.ActiveCfg = Release|x86
		{7A8A794F-0C57-4C0F-9453-B21561E1FCB8}.Release|x86.ActiveCfg = Release|x86
		{7A8A794F-0C57-4C0F-9453-B21561E1FCB8}.Release|x86.Build.0 = Release|x86
		{F77CD8BD-E8DB-4B94-BF08-C33923A5DE4B}.Debug|Any CPU.ActiveCfg = Debug|x86
		{F77CD8BD-E8DB-4B94-BF08-C33923A5DE4B}.Debug|x86.ActiveCfg = Debug|x86
		{F77CD8BD-E8DB-4B94-BF08-C33923A5DE4B}.Debug|x86.Build.0 = Debug|x86
		{F77CD8BD-E8DB-4B94-BF08-C33923A5DE4B}.Release|Any CPU.ActiveCfg = Release|x86
		{F77CD8BD-E8DB-4B94-BF08-C33923A5DE4B}.Release|x86.ActiveCfg = Release|x86
		{F77CD8BD-E8DB-4B94-BF08-C33923A5DE4B}.Release|x86.Build.0 = Release|x86
		{D762AF86-BFE3-493B-8D6C-11A7B6967990}.Debug|Any CPU.ActiveCfg = Debug|x86
		{D762AF86-BFE3-493B-8D6C-11A7B6967990}.Debug|x86.ActiveCfg = Debug|x86
		{D762AF86-BFE3-493B-8D6C-11A7B6967990}.Debug|x86.Build.0 = Debug|x86
		{D762AF86-BFE3-493B-8D6C-11A7B6967990}.Release|Any CPU.ActiveCfg = Release|x86
		{D762AF86-BFE3-493B-8D6C-11A7B6967990}.Release|x86.ActiveCfg = Release|x86
		{D762AF86-BFE3-493B-8D6C-11A7B6967990}.Release|x86.Build.0 = Release|x86
		{99451A89-0F42-415E-9F60-432ECA99CC0C}.Debug|Any CPU.ActiveCfg = Debug|x86
		{99451A89-0F42-415E-9F60-432ECA99CC0C}.Debug|x86.ActiveCfg = Debug|x86
		{99451A89-0F42-415E-9F60-432ECA99CC0C}.Debug|x86.Build.0 = Debug|x86
		{99451A89-0F42-415E-9F60-432ECA99CC0C}.Release|Any CPU.ActiveCfg = Release|x86
		{99451A89-0F42-415E-9F60-432ECA99CC0C}.Release|x86.ActiveCfg = Release|x86
		{99451A89-0F42-415E-9F60-432ECA99CC0C}.Release|x86.Build.0 = Release|x86
		{10772962-A842-4137-A94B-D1CDEA26D7EF}.Debug|Any CPU.ActiveCfg = Debug|x86
		{10772962-A842-4137-A94B-D1CDEA26D7EF}.Debug|x86.ActiveCfg = Debug|x86
		{10772962-A842-4137-A94B-D1CDEA26D7EF}.Debug|x86.Build.0 = Debug|x86
		{10772962-A842-4137-A94B-D1CDEA26D7EF}.Release|Any CPU.ActiveCfg = Release|x86
		{10772962-A842-4137-A94B-D1CDEA26D7EF}.Release|x86.ActiveCfg = Release|x86
		{10772962-A842-4137-A94B-D1CDEA26D7EF}.Release|x86.Build.0 = Release|x86
		{0025AE24-BBF7-4C72-9BEF-8DDD6346239B}.Debug|Any CPU.ActiveCfg = Debug|x86
		{0025AE24-BBF7-4C72-9BEF-8DDD6346239B}.Debug|x86.ActiveCfg = Debug|x86
		{0025AE24-BBF7-4C72-9BEF-8DDD6346239B}.Debug|x86.Build.0 = Debug|x86
		{0025AE24-BBF7-4C72-9BEF-8DDD6346239B}.Release|Any CPU.ActiveCfg = Release|x86
		{0025AE24-BBF7-4C72-9BEF-8DDD6346239B}.Release|x86.ActiveCfg = Release|x86
		{0025AE24-BBF7-4C72-9BEF-8DDD6346239B}.Release|x86.Build.0 = Release|x86
		{B708E20C-E8AC-4E4D-BC1C-EE00869676D2}.Debug|Any CPU.ActiveCfg = Debug|x86
		{B708E20C-E8AC-4E4D-BC1C-EE00869676D2}.Debug|x86.ActiveCfg = Debug|x86
		{B708E20C-E8AC-4E4D-BC1C-EE00869676D2}.Debug|x86.Build.0 = Debug|x86
		{B708E20C-E8AC-4E4D-BC1C-EE00869676D2}.Release|Any CPU.ActiveCfg = Release|x86
		{B708E20C-E8AC-4E4D-BC1C-EE00869676D2}.Release|x86.ActiveCfg = Release|x86
		{B708E20C-E8AC-4E4D-BC1C-EE00869676D2}.Release|x86.Build.0 = Release|x86
		{65FB307E-8006-4C00-8B8C-AD4153E8F02C}.Debug|Any CPU.ActiveCfg = Debug|x86
		{65FB307E-8006-4C00-8B8C-AD4153E8F02C}.Debug|x86.ActiveCfg = Debug|x86
		{65FB307E-8006-4C00-8B8C-AD4153E8F02C}.Debug|x86.Build.0 = Debug|x86
		{65FB307E-8006-4C00-8B8C-AD4153E8F02C}.Release|Any CPU.ActiveCfg = Release|x86
		{65FB307E-8006-4C00-8B8C-AD4153E8F02C}.Release|x86.ActiveCfg = Release|x86
		{65FB307E-8006-4C00-8B8C-AD4153E8F02C}.Release|x86.Build.0 = Release|x86
		{3BFC376D-E49D-4BEB-8E4F-93DDBC77C363}.Debug|Any CPU.ActiveCfg = Debug|x86
		{3BFC376D-E49D-4BEB-8E4F-93DDBC77C363}.Debug|x86.ActiveCfg = Debug|x86
		{3BFC376D-E49D-4BEB-8E4F-93DDBC77C363}.Debug|x86.Build.0 = Debug|x86
		{3BFC376D-E49D-4BEB-8E4F-93DDBC77C363}.Release|Any CPU.ActiveCfg = Release|x86
		{3BFC376D-E49D-4BEB-8E4F-93DDBC77C363}.Release|x86.ActiveCfg = Release|x86
		{3BFC376D-E49D-4BEB-8E4F-93DDBC77C363}.Release|x86.Build.0 = Release|x86
		{62003C37-DCBD-4C15-A7B7-BA2F7DFA9E9B}.Debug|Any CPU.ActiveCfg = Debug|x86
		{62003C37-DCBD-4C15-A7B7-BA2F7DFA9E9B}.Debug|x86.ActiveCfg = Debug|x86
		{62003C37-DCBD-4C15-A7B7-BA2F7DFA9E9B}.Debug|x86.Build.0 = Debug|x86
		{62003C37-DCBD-4C15-A7B7-BA2F7DFA9E9B}.Release|Any CPU.ActiveCfg = Release|x86
		{62003C37-DCBD-4C15-A7B7-BA2F7DFA9E9B}.Release|x86.ActiveCfg = Release|x86
		{62003C37-DCBD-4C15-A7B7-BA2F7DFA9E9B}.Release|x86.Build.0 = Release|x86
		{29C8EC31-C05D-45BA-AC22-E5DBA43AE3B1}.Debug|Any CPU.ActiveCfg = Debug|x86
		{29C8EC31-C05D-45BA-AC22-E5DBA43AE3B1}.Debug|x86.ActiveCfg = Debug|x86
		{29C8EC31-C05D-45BA-AC22-E5DBA43AE3B1}.Debug|x86.Build.0 = Debug|x86
		{29C8EC31-C05D-45BA-AC22-E5DBA43AE3B1}.Release|Any CPU.ActiveCfg = Release|x86
		{29C8EC31-C05D-45BA-AC22-E5DBA43AE3B1}.Release|x86.ActiveCfg = Release|x86
		{29C8EC31-C05D-45BA-AC22-E5DBA43AE3B1}.Release|x86.Build.0 = Release|x86
		{A15E5C11-0074-4EB3-A083-55689BAA2A15}.Debug|Any CPU.ActiveCfg = Debug|x86
		{A15E5C11-0074-4EB3-A083-55689BAA2A15}.Debug|x86.ActiveCfg = Debug|x86
		{A15E5C11-0074-4EB3-A083-55689BAA2A15}.Debug|x86.Build.0 = Debug|x86
		{A15E5C11-0074-4EB3-A083-55689BAA2A15}.Release|Any CPU.ActiveCfg = Release|x86
		{A15E5C11-0074-4EB3-A083-55689BAA2A15}.Release|x86.ActiveCfg = Release|x86
		{A15E5C11-0074-4EB3-A083-55689BAA2A15}.Release|x86.Build.0 = Release|x86
		{334D8AAA-16B3-48FC-97B6-B8ED7B76BC1A}.Debug|Any CPU.ActiveCfg = Debug|x86
		{334D8AAA-16B3-48FC-97B6-B8ED7B76BC1A}.Debug|x86.ActiveCfg = Debug|x86
		{334D8AAA-16B3-48FC-97B6-B8ED7B76BC1A}.Debug|x86.Build.0 = Debug|x86
		{334D8AAA-16B3-48FC-97B6-B8ED7B76BC1A}.Release|Any CPU.ActiveCfg = Release|x86
		{334D8AAA-16B3-48FC-97B6-B8ED7B76BC1A}.Release|x86.ActiveCfg = Release|x86
		{334D8AAA-16B3-48FC-97B6-B8ED7B76BC1A}.Release|x86.Build.0 = Release|x86
		{256B955C-9FEA-41D4-8052-3CEEA6AA4AAB}.Debug|Any CPU.ActiveCfg = Debug|x86
		{256B955C-9FEA-41D4-8052-3CEEA6AA4AAB}.Debug|x86.ActiveCfg = Debug|x86
		{256B955C-9FEA-41D4-8052-3CEEA6AA4AAB}.Debug|x86.Build.0 = Debug|x86
		{256B955C-9FEA-41D4-8052-3CEEA6AA4AAB}.Release|Any CPU.ActiveCfg = Release|x86
		{256B955C-9FEA-41D4-8052-3CEEA6AA4AAB}.Release|x86.ActiveCfg = Release|x86
		{256B955C-9FEA-41D4-8052-3CEEA6AA4AAB}.Release|x86.Build.0 = Release|x86
		{4C0D48A3-4BBD-48C0-BE92-CE98713CC429}.Debug|Any CPU.ActiveCfg = Debug|x86
		{4C0D48A3-4BBD-48C0-BE92-CE98713CC429}.Debug|x86.ActiveCfg = Debug|x86
		{4C0D48A3-4BBD-48C0-BE92-CE98713CC429}.Debug|x86.Build.0 = Debug|x86
		{4C0D48A3-4BBD-48C0-BE92-CE98713CC429}.Release|Any CPU.ActiveCfg = Release|x86
		{4C0D48A3-4BBD-48C0-BE92-CE98713CC429}.Release|x86.ActiveCfg = Release|x86
		{4C0D48A3-4BBD-48C0-BE92-CE98713CC429}.Release|x86.Build.0 = Release|x86
		{09A6D38D-0002-4841-9B18-A284B17FDEBE}.Debug|Any CPU.ActiveCfg = Debug|x86
		{09A6D38D-0002-4841-9B18-A284B17FDEBE}.Debug|x86.ActiveCfg = Debug|x86
		{09A6D38D-0002-4841-9B18-A284B17FDEBE}.Debug|x86.Build.0 = Debug|x86
		{09A6D38D-0002-4841-9B18-A284B17FDEBE}.Release|Any CPU.ActiveCfg = Release|x86
		{09A6D38D-0002-4841-9B18-A284B17FDEBE}.Release|x86.ActiveCfg = Release|x86
		{09A6D38D-0002-4841-9B18-A284B17FDEBE}.Release|x86.Build.0 = Release|x86
		{A817FA98-1AEE-4959-AC61-63A1DA192617}.Debug|Any CPU.ActiveCfg = Debug|x86
		{A817FA98-1AEE-4959-AC61-63A1DA192617}.Debug|x86.ActiveCfg = Debug|x86
		{A817FA98-1AEE-4959-AC61-63A1DA192617}.Debug|x86.Build.0 = Debug|x86
		{A817FA98-1AEE-4959-AC61-63A1DA192617}.Release|Any CPU.ActiveCfg = Release|x86
		{A817FA98-1AEE-4959-AC61-63A1DA192617}.Release|x86.ActiveCfg = Release|x86
		{A817FA98-1AEE-4959-AC61-63A1DA192617}.Release|x86.Build.0 = Release|x86
		{8A9EE9AE-1D9B-4F59-A97C-8AB0F09457B7}.Debug|Any CPU.ActiveCfg = Debug|x86
		{8A9EE9AE-1D9B-4F59-A97C-8AB0F09457B7}.Debug|x86.ActiveCfg = Debug|x86
		{8A9EE9AE-1D9B-4F59-A97C-8AB0F09457B7}.Debug|x86.Build.0 = Debug|x86
		{8A9EE9AE-1D9B-4F59-A97C-8AB0F09457B7}.Release|Any CPU.ActiveCfg = Release|x86
		{8A9EE9AE-1D9B-4F59-A97C-8AB0F09457B7}.Release|x86.ActiveCfg = Release|x86
		{8A9EE9AE-1D9B-4F59-A97C-8AB0F09457B7}.Release|x86.Build.0 = Release|x86
		{13BC4CB2-CB2A-464A-A5C0-8211A16124F0}.Debug|Any CPU.ActiveCfg = Debug|x86
		{13BC4CB2-CB2A-464A-A5C0-8211A16124F0}.Debug|x86.ActiveCfg = Debug|x86
		{13BC4CB2-CB2A-464A-A5C0-8211A16124F0}.Debug|x86.Build.0 = Debug|x86
		{13BC4CB2-CB2A-464A-A5C0-8211A16124F0}.Release|Any CPU.ActiveCfg = Release|x86
		{13BC4CB2-CB2A-464A-A5C0-8211A16124F0}.Release|x86.ActiveCfg = Release|x86
		{13BC4CB2-CB2A-464A-A5C0-8211A16124F0}.Release|x86.Build.0 = Release|x86
		{AE0F8B6A-8F8A-47EA-A0AF-07E5ECBE2673}.Debug|Any CPU.ActiveCfg = Debug|x86
		{AE0F8B6A-8F8A-47EA-A0AF-07E5ECBE2673}.Debug|x86.ActiveCfg = Debug|x86
		{AE0F8B6A-8F8A-47EA-A0AF-07E5ECBE2673}.Debug|x86.Build.0 = Debug|x86
		{AE0F8B6A-8F8A-47EA-A0AF-07E5ECBE2673}.Release|Any CPU.ActiveCfg = Release|x86
		{AE0F8B6A-8F8A-47EA-A0AF-07E5ECBE2673}.Release|x86.ActiveCfg = Release|x86
		{AE0F8B6A-8F8A-47EA-A0AF-07E5ECBE2673}.Release|x86.Build.0 = Release|x86
		{DF002DC2-1267-4796-867E-99B5E3915FBF}.Debug|Any CPU.ActiveCfg = Debug|x86
		{DF002DC2-1267-4796-867E-99B5E3915FBF}.Debug|x86.ActiveCfg = Debug|x86
		{DF002DC2-1267-4796-867E-99B5E3915FBF}.Debug|x86.Build.0 = Debug|x86
		{DF002DC2-1267-4796-867E-99B5E3915FBF}.Release|Any CPU.ActiveCfg = Release|x86
		{DF002DC2-1267-4796-867E-99B5E3915FBF}.Release|x86.ActiveCfg = Release|x86
		{DF002DC2-1267-4796-867E-99B5E3915FBF}.Release|x86.Build.0 = Release|x86
		{03BEFCE8-6067-4300-8960-CE4FE7944DD1}.Debug|Any CPU.ActiveCfg = Debug|x86
		{03BEFCE8-6067-4300-8960-CE4FE7944DD1}.Debug|x86.ActiveCfg = Debug|x86
		{03BEFCE8-6067-4300-8960-CE4FE7944DD1}.Debug|x86.Build.0 = Debug|x86
		{03BEFCE8-6067-4300-8960-CE4FE7944DD1}.Release|Any CPU.ActiveCfg = Release|x86
		{03BEFCE8-6067-4300-8960-CE4FE7944DD1}.Release|x86.ActiveCfg = Release|x86
		{03BEFCE8-6067-4300-8960-CE4FE7944DD1}.Release|x86.Build.0 = Release|x86
		{AB28AEC3-575F-45C5-B347-760F5F6EC25A}.Debug|Any CPU.ActiveCfg = Debug|x86
		{AB28AEC3-575F-45C5-B347-760F5F6EC25A}.Debug|x86.ActiveCfg = Debug|x86
		{AB28AEC3-575F-45C5-B347-760F5F6EC25A}.Debug|x86.Build.0 = Debug|x86
		{AB28AEC3-575F-45C5-B347-760F5F6EC25A}.Release|Any CPU.ActiveCfg = Release|x86
		{AB28AEC3-575F-45C5-B347-760F5F6EC25A}.Release|x86.ActiveCfg = Release|x86
		{AB28AEC3-575F-45C5-B347-760F5F6EC25A}.Release|x86.Build.0 = Release|x86
		{953177D6-2A00-43D4-876F-9D44E7E559E3}.Debug|Any CPU.ActiveCfg = Debug|x86
		{953177D6-2A00-43D4-876F-9D44E7E559E3}.Debug|x86.ActiveCfg = Debug|x86
		{953177D6-2A00-43D4-876F-9D44E7E559E3}.Debug|x86.Build.0 = Debug|x86
		{953177D6-2A00-43D4-876F-9D44E7E559E3}.Release|Any CPU.ActiveCfg = Release|x86
		{953177D6-2A00-43D4-876F-9D44E7E559E3}.Release|x86.ActiveCfg = Release|x86
		{953177D6-2A00-43D4-876F-9D44E7E559E3}.Release|x86.Build.0 = Release|x86
		{AFC34C2B-BD28-4ED8-AE5F-64BD56C36447}.Debug|Any CPU.ActiveCfg = Debug|x86
		{AFC34C2B-BD28-4ED8-AE5F-64BD56C36447}.Debug|x86.ActiveCfg = Debug|x86
		{AFC34C2B-BD28-4ED8-AE5F-64BD56C36447}.Debug|x86.Build.0 = Debug|x86
		{AFC34C2B-BD28-4ED8-AE5F-64BD56C36447}.Release|Any CPU.ActiveCfg = Release|x86
		{AFC34C2B-BD28-4ED8-AE5F-64BD56C36447}.Release|x86.ActiveCfg = Release|x86
		{AFC34C2B-BD28-4ED8-AE5F-64BD56C36447}.Release|x86.Build.0 = Release|x86
		{4BAA0A9B-BD85-45C1-BEEB-D48379284999}.Debug|Any CPU.ActiveCfg = Debug|x86
		{4BAA0A9B-BD85-45C1-BEEB-D48379284999}.Debug|x86.ActiveCfg = Debug|x86
		{4BAA0A9B-BD85-45C1-BEEB-D48379284999}.Debug|x86.Build.0 = Debug|x86
		{4BAA0A9B-BD85-45C1-BEEB-D48379284999}.Release|Any CPU.ActiveCfg = Release|x86
		{4BAA0A9B-BD85-45C1-BEEB-D48379284999}.Release|x86.ActiveCfg = Release|x86
		{4BAA0A9B-BD85-45C1-BEEB-D48379284999}.Release|x86.Build.0 = Release|x86
		{65437FDE-5C14-41B4-AA51-91588A239BC8}.Debug|Any CPU.ActiveCfg = Debug|x86
		{65437FDE-5C14-41B4-AA51-91588A239BC8}.Debug|x86.ActiveCfg = Debug|x86
		{65437FDE-5C14-41B4-AA51-91588A239BC8}.Debug|x86.Build.0 = Debug|x86
		{65437FDE-5C14-41B4-AA51-91588A239BC8}.Release|Any CPU.ActiveCfg = Release|x86
		{65437FDE-5C14-41B4-AA51-91588A239BC8}.Release|x86.ActiveCfg = Release|x86
		{65437FDE-5C14-41B4-AA51-91588A239BC8}.Release|x86.Build.0 = Release|x86
		{20E80990-3890-44F7-8290-507DAC7DB105}.Debug|Any CPU.ActiveCfg = Debug|x86
		{20E80990-3890-44F7-8290-507DAC7DB105}.Debug|x86.ActiveCfg = Debug|x86
		{20E80990-3890-44F7-8290-507DAC7DB105}.Debug|x86.Build.0 = Debug|x86
		{20E80990-3890-44F7-8290-507DAC7DB105}.Release|Any CPU.ActiveCfg = Release|x86
		{20E80990-3890-44F7-8290-507DAC7DB105}.Release|x86.ActiveCfg = Release|x86
		{20E80990-3890-44F7-8290-507DAC7DB105}.Release|x86.Build.0 = Release|x86
		{E718A285-1F76-4314-B2F1-9823A2B4F138}.Debug|Any CPU.ActiveCfg = Debug|Any CPU
		{E718A285-1F76-4314-B2F1-9823A2B4F138}.Debug|Any CPU.Build.0 = Debug|Any CPU
		{E718A285-1F76-4314-B2F1-9823A2B4F138}.Debug|x86.ActiveCfg = Debug|Any CPU
		{E718A285-1F76-4314-B2F1-9823A2B4F138}.Debug|x86.Build.0 = Debug|Any CPU
		{E718A285-1F76-4314-B2F1-9823A2B4F138}.Release|Any CPU.ActiveCfg = Release|Any CPU
		{E718A285-1F76-4314-B2F1-9823A2B4F138}.Release|Any CPU.Build.0 = Release|Any CPU
		{E718A285-1F76-4314-B2F1-9823A2B4F138}.Release|x86.ActiveCfg = Release|Any CPU
		{E718A285-1F76-4314-B2F1-9823A2B4F138}.Release|x86.Build.0 = Release|Any CPU
		{B8BEA9EC-9951-4F3B-ABAE-F514D3A01212}.Debug|Any CPU.ActiveCfg = Debug|Any CPU
		{B8BEA9EC-9951-4F3B-ABAE-F514D3A01212}.Debug|Any CPU.Build.0 = Debug|Any CPU
		{B8BEA9EC-9951-4F3B-ABAE-F514D3A01212}.Debug|x86.ActiveCfg = Debug|Any CPU
		{B8BEA9EC-9951-4F3B-ABAE-F514D3A01212}.Debug|x86.Build.0 = Debug|Any CPU
		{B8BEA9EC-9951-4F3B-ABAE-F514D3A01212}.Release|Any CPU.ActiveCfg = Release|Any CPU
		{B8BEA9EC-9951-4F3B-ABAE-F514D3A01212}.Release|Any CPU.Build.0 = Release|Any CPU
		{B8BEA9EC-9951-4F3B-ABAE-F514D3A01212}.Release|x86.ActiveCfg = Release|Any CPU
		{B8BEA9EC-9951-4F3B-ABAE-F514D3A01212}.Release|x86.Build.0 = Release|Any CPU
		{6D1F2424-7C5D-4FA8-9E10-CA63D4A70BC2}.Debug|Any CPU.ActiveCfg = Debug|Any CPU
		{6D1F2424-7C5D-4FA8-9E10-CA63D4A70BC2}.Debug|Any CPU.Build.0 = Debug|Any CPU
		{6D1F2424-7C5D-4FA8-9E10-CA63D4A70BC2}.Debug|x86.ActiveCfg = Debug|Any CPU
		{6D1F2424-7C5D-4FA8-9E10-CA63D4A70BC2}.Debug|x86.Build.0 = Debug|Any CPU
		{6D1F2424-7C5D-4FA8-9E10-CA63D4A70BC2}.Release|Any CPU.ActiveCfg = Release|Any CPU
		{6D1F2424-7C5D-4FA8-9E10-CA63D4A70BC2}.Release|Any CPU.Build.0 = Release|Any CPU
		{6D1F2424-7C5D-4FA8-9E10-CA63D4A70BC2}.Release|x86.ActiveCfg = Release|Any CPU
		{6D1F2424-7C5D-4FA8-9E10-CA63D4A70BC2}.Release|x86.Build.0 = Release|Any CPU
		{9B31699B-0A8B-481A-8F42-AB580EAFD144}.Debug|Any CPU.ActiveCfg = Debug|Any CPU
		{9B31699B-0A8B-481A-8F42-AB580EAFD144}.Debug|Any CPU.Build.0 = Debug|Any CPU
		{9B31699B-0A8B-481A-8F42-AB580EAFD144}.Debug|x86.ActiveCfg = Debug|Any CPU
		{9B31699B-0A8B-481A-8F42-AB580EAFD144}.Debug|x86.Build.0 = Debug|Any CPU
		{9B31699B-0A8B-481A-8F42-AB580EAFD144}.Release|Any CPU.ActiveCfg = Release|Any CPU
		{9B31699B-0A8B-481A-8F42-AB580EAFD144}.Release|Any CPU.Build.0 = Release|Any CPU
		{9B31699B-0A8B-481A-8F42-AB580EAFD144}.Release|x86.ActiveCfg = Release|Any CPU
		{9B31699B-0A8B-481A-8F42-AB580EAFD144}.Release|x86.Build.0 = Release|Any CPU
		{2CF03026-87B5-4EE4-8BDA-DFF1663ED13F}.Debug|Any CPU.ActiveCfg = Debug|Any CPU
		{2CF03026-87B5-4EE4-8BDA-DFF1663ED13F}.Debug|Any CPU.Build.0 = Debug|Any CPU
		{2CF03026-87B5-4EE4-8BDA-DFF1663ED13F}.Debug|x86.ActiveCfg = Debug|Any CPU
		{2CF03026-87B5-4EE4-8BDA-DFF1663ED13F}.Debug|x86.Build.0 = Debug|Any CPU
		{2CF03026-87B5-4EE4-8BDA-DFF1663ED13F}.Release|Any CPU.ActiveCfg = Release|Any CPU
		{2CF03026-87B5-4EE4-8BDA-DFF1663ED13F}.Release|Any CPU.Build.0 = Release|Any CPU
		{2CF03026-87B5-4EE4-8BDA-DFF1663ED13F}.Release|x86.ActiveCfg = Release|Any CPU
		{2CF03026-87B5-4EE4-8BDA-DFF1663ED13F}.Release|x86.Build.0 = Release|Any CPU
		{74C013F8-BC07-4B0B-A490-03FC2D295DD4}.Debug|Any CPU.ActiveCfg = Debug|Any CPU
		{74C013F8-BC07-4B0B-A490-03FC2D295DD4}.Debug|Any CPU.Build.0 = Debug|Any CPU
		{74C013F8-BC07-4B0B-A490-03FC2D295DD4}.Debug|x86.ActiveCfg = Debug|Any CPU
		{74C013F8-BC07-4B0B-A490-03FC2D295DD4}.Debug|x86.Build.0 = Debug|Any CPU
		{74C013F8-BC07-4B0B-A490-03FC2D295DD4}.Release|Any CPU.ActiveCfg = Release|Any CPU
		{74C013F8-BC07-4B0B-A490-03FC2D295DD4}.Release|Any CPU.Build.0 = Release|Any CPU
		{74C013F8-BC07-4B0B-A490-03FC2D295DD4}.Release|x86.ActiveCfg = Release|Any CPU
		{74C013F8-BC07-4B0B-A490-03FC2D295DD4}.Release|x86.Build.0 = Release|Any CPU
		{62429798-E5C9-4FA7-B732-EBB9F51AF579}.Debug|Any CPU.ActiveCfg = Debug|Any CPU
		{62429798-E5C9-4FA7-B732-EBB9F51AF579}.Debug|Any CPU.Build.0 = Debug|Any CPU
		{62429798-E5C9-4FA7-B732-EBB9F51AF579}.Debug|x86.ActiveCfg = Debug|Any CPU
		{62429798-E5C9-4FA7-B732-EBB9F51AF579}.Debug|x86.Build.0 = Debug|Any CPU
		{62429798-E5C9-4FA7-B732-EBB9F51AF579}.Release|Any CPU.ActiveCfg = Release|Any CPU
		{62429798-E5C9-4FA7-B732-EBB9F51AF579}.Release|Any CPU.Build.0 = Release|Any CPU
		{62429798-E5C9-4FA7-B732-EBB9F51AF579}.Release|x86.ActiveCfg = Release|Any CPU
		{62429798-E5C9-4FA7-B732-EBB9F51AF579}.Release|x86.Build.0 = Release|Any CPU
		{1F9746F2-818B-4AFB-A347-C70697891085}.Debug|Any CPU.ActiveCfg = Debug|Any CPU
		{1F9746F2-818B-4AFB-A347-C70697891085}.Debug|Any CPU.Build.0 = Debug|Any CPU
		{1F9746F2-818B-4AFB-A347-C70697891085}.Debug|x86.ActiveCfg = Debug|Any CPU
		{1F9746F2-818B-4AFB-A347-C70697891085}.Debug|x86.Build.0 = Debug|Any CPU
		{1F9746F2-818B-4AFB-A347-C70697891085}.Release|Any CPU.ActiveCfg = Release|Any CPU
		{1F9746F2-818B-4AFB-A347-C70697891085}.Release|Any CPU.Build.0 = Release|Any CPU
		{1F9746F2-818B-4AFB-A347-C70697891085}.Release|x86.ActiveCfg = Release|Any CPU
		{1F9746F2-818B-4AFB-A347-C70697891085}.Release|x86.Build.0 = Release|Any CPU
		{4B216903-152B-49DF-83D2-F210808C0ECA}.Debug|Any CPU.ActiveCfg = Debug|Any CPU
		{4B216903-152B-49DF-83D2-F210808C0ECA}.Debug|Any CPU.Build.0 = Debug|Any CPU
		{4B216903-152B-49DF-83D2-F210808C0ECA}.Debug|x86.ActiveCfg = Debug|Any CPU
		{4B216903-152B-49DF-83D2-F210808C0ECA}.Debug|x86.Build.0 = Debug|Any CPU
		{4B216903-152B-49DF-83D2-F210808C0ECA}.Release|Any CPU.ActiveCfg = Release|Any CPU
		{4B216903-152B-49DF-83D2-F210808C0ECA}.Release|Any CPU.Build.0 = Release|Any CPU
		{4B216903-152B-49DF-83D2-F210808C0ECA}.Release|x86.ActiveCfg = Release|Any CPU
		{4B216903-152B-49DF-83D2-F210808C0ECA}.Release|x86.Build.0 = Release|Any CPU
		{1A2CF409-1F0F-40DA-9B6F-50D0AE372208}.Debug|Any CPU.ActiveCfg = Debug|Any CPU
		{1A2CF409-1F0F-40DA-9B6F-50D0AE372208}.Debug|Any CPU.Build.0 = Debug|Any CPU
		{1A2CF409-1F0F-40DA-9B6F-50D0AE372208}.Debug|x86.ActiveCfg = Debug|Any CPU
		{1A2CF409-1F0F-40DA-9B6F-50D0AE372208}.Debug|x86.Build.0 = Debug|Any CPU
		{1A2CF409-1F0F-40DA-9B6F-50D0AE372208}.Release|Any CPU.ActiveCfg = Release|Any CPU
		{1A2CF409-1F0F-40DA-9B6F-50D0AE372208}.Release|Any CPU.Build.0 = Release|Any CPU
		{1A2CF409-1F0F-40DA-9B6F-50D0AE372208}.Release|x86.ActiveCfg = Release|Any CPU
		{1A2CF409-1F0F-40DA-9B6F-50D0AE372208}.Release|x86.Build.0 = Release|Any CPU
		{2793CA71-7F40-4DA2-9F10-9D847C8F2F6F}.Debug|Any CPU.ActiveCfg = Debug|x86
		{2793CA71-7F40-4DA2-9F10-9D847C8F2F6F}.Debug|x86.ActiveCfg = Debug|x86
		{2793CA71-7F40-4DA2-9F10-9D847C8F2F6F}.Debug|x86.Build.0 = Debug|x86
		{2793CA71-7F40-4DA2-9F10-9D847C8F2F6F}.Release|Any CPU.ActiveCfg = Release|x86
		{2793CA71-7F40-4DA2-9F10-9D847C8F2F6F}.Release|x86.ActiveCfg = Release|x86
		{2793CA71-7F40-4DA2-9F10-9D847C8F2F6F}.Release|x86.Build.0 = Release|x86
		{1AB235EE-BCF4-475C-80CB-9F2E322BD970}.Debug|Any CPU.ActiveCfg = Debug|x86
		{1AB235EE-BCF4-475C-80CB-9F2E322BD970}.Debug|x86.ActiveCfg = Debug|x86
		{1AB235EE-BCF4-475C-80CB-9F2E322BD970}.Debug|x86.Build.0 = Debug|x86
		{1AB235EE-BCF4-475C-80CB-9F2E322BD970}.Release|Any CPU.ActiveCfg = Release|x86
		{1AB235EE-BCF4-475C-80CB-9F2E322BD970}.Release|x86.ActiveCfg = Release|x86
		{1AB235EE-BCF4-475C-80CB-9F2E322BD970}.Release|x86.Build.0 = Release|x86
		{66485F32-FD9B-4DA0-B88C-C86EB93A49F4}.Debug|Any CPU.ActiveCfg = Debug|x86
		{66485F32-FD9B-4DA0-B88C-C86EB93A49F4}.Debug|x86.ActiveCfg = Debug|x86
		{66485F32-FD9B-4DA0-B88C-C86EB93A49F4}.Debug|x86.Build.0 = Debug|x86
		{66485F32-FD9B-4DA0-B88C-C86EB93A49F4}.Release|Any CPU.ActiveCfg = Release|x86
		{66485F32-FD9B-4DA0-B88C-C86EB93A49F4}.Release|x86.ActiveCfg = Release|x86
		{66485F32-FD9B-4DA0-B88C-C86EB93A49F4}.Release|x86.Build.0 = Release|x86
		{46263B7F-353C-4A15-AD86-60299D0F0684}.Debug|Any CPU.ActiveCfg = Debug|x86
		{46263B7F-353C-4A15-AD86-60299D0F0684}.Debug|x86.ActiveCfg = Debug|x86
		{46263B7F-353C-4A15-AD86-60299D0F0684}.Debug|x86.Build.0 = Debug|x86
		{46263B7F-353C-4A15-AD86-60299D0F0684}.Release|Any CPU.ActiveCfg = Release|x86
		{46263B7F-353C-4A15-AD86-60299D0F0684}.Release|x86.ActiveCfg = Release|x86
		{46263B7F-353C-4A15-AD86-60299D0F0684}.Release|x86.Build.0 = Release|x86
		{99886835-63CA-481F-B8EB-351D8CB62BA1}.Debug|Any CPU.ActiveCfg = Debug|x86
		{99886835-63CA-481F-B8EB-351D8CB62BA1}.Debug|x86.ActiveCfg = Debug|x86
		{99886835-63CA-481F-B8EB-351D8CB62BA1}.Debug|x86.Build.0 = Debug|x86
		{99886835-63CA-481F-B8EB-351D8CB62BA1}.Release|Any CPU.ActiveCfg = Release|x86
		{99886835-63CA-481F-B8EB-351D8CB62BA1}.Release|x86.ActiveCfg = Release|x86
		{99886835-63CA-481F-B8EB-351D8CB62BA1}.Release|x86.Build.0 = Release|x86
		{44E50BCC-2252-43B7-81DA-5C3E56C8E836}.Debug|Any CPU.ActiveCfg = Debug|x86
		{44E50BCC-2252-43B7-81DA-5C3E56C8E836}.Debug|x86.ActiveCfg = Debug|x86
		{44E50BCC-2252-43B7-81DA-5C3E56C8E836}.Debug|x86.Build.0 = Debug|x86
		{44E50BCC-2252-43B7-81DA-5C3E56C8E836}.Release|Any CPU.ActiveCfg = Release|x86
		{44E50BCC-2252-43B7-81DA-5C3E56C8E836}.Release|x86.ActiveCfg = Release|x86
		{44E50BCC-2252-43B7-81DA-5C3E56C8E836}.Release|x86.Build.0 = Release|x86
		{AE6C1442-779A-4A6D-9DEC-1F043BEBE27B}.Debug|Any CPU.ActiveCfg = Debug|x86
		{AE6C1442-779A-4A6D-9DEC-1F043BEBE27B}.Debug|x86.ActiveCfg = Debug|x86
		{AE6C1442-779A-4A6D-9DEC-1F043BEBE27B}.Debug|x86.Build.0 = Debug|x86
		{AE6C1442-779A-4A6D-9DEC-1F043BEBE27B}.Release|Any CPU.ActiveCfg = Release|x86
		{AE6C1442-779A-4A6D-9DEC-1F043BEBE27B}.Release|x86.ActiveCfg = Release|x86
		{AE6C1442-779A-4A6D-9DEC-1F043BEBE27B}.Release|x86.Build.0 = Release|x86
		{D5B8ED17-3E19-4266-BB99-442A0A7C561B}.Debug|Any CPU.ActiveCfg = Debug|x86
		{D5B8ED17-3E19-4266-BB99-442A0A7C561B}.Debug|x86.ActiveCfg = Debug|x86
		{D5B8ED17-3E19-4266-BB99-442A0A7C561B}.Debug|x86.Build.0 = Debug|x86
		{D5B8ED17-3E19-4266-BB99-442A0A7C561B}.Release|Any CPU.ActiveCfg = Release|x86
		{D5B8ED17-3E19-4266-BB99-442A0A7C561B}.Release|x86.ActiveCfg = Release|x86
		{D5B8ED17-3E19-4266-BB99-442A0A7C561B}.Release|x86.Build.0 = Release|x86
		{9C79B039-D008-4E0F-8C92-2A69CFAB6960}.Debug|Any CPU.ActiveCfg = Debug|x86
		{9C79B039-D008-4E0F-8C92-2A69CFAB6960}.Debug|x86.ActiveCfg = Debug|x86
		{9C79B039-D008-4E0F-8C92-2A69CFAB6960}.Debug|x86.Build.0 = Debug|x86
		{9C79B039-D008-4E0F-8C92-2A69CFAB6960}.Release|Any CPU.ActiveCfg = Release|x86
		{9C79B039-D008-4E0F-8C92-2A69CFAB6960}.Release|x86.ActiveCfg = Release|x86
		{9C79B039-D008-4E0F-8C92-2A69CFAB6960}.Release|x86.Build.0 = Release|x86
		{6C3E3432-2459-492E-810A-77269FD06CD4}.Debug|Any CPU.ActiveCfg = Debug|Any CPU
		{6C3E3432-2459-492E-810A-77269FD06CD4}.Debug|Any CPU.Build.0 = Debug|Any CPU
		{6C3E3432-2459-492E-810A-77269FD06CD4}.Debug|x86.ActiveCfg = Debug|Any CPU
		{6C3E3432-2459-492E-810A-77269FD06CD4}.Debug|x86.Build.0 = Debug|Any CPU
		{6C3E3432-2459-492E-810A-77269FD06CD4}.Release|Any CPU.ActiveCfg = Release|Any CPU
		{6C3E3432-2459-492E-810A-77269FD06CD4}.Release|Any CPU.Build.0 = Release|Any CPU
		{6C3E3432-2459-492E-810A-77269FD06CD4}.Release|x86.ActiveCfg = Release|Any CPU
		{6C3E3432-2459-492E-810A-77269FD06CD4}.Release|x86.Build.0 = Release|Any CPU
		{17EF0E8B-59C6-4337-9627-FD615A336576}.Debug|Any CPU.ActiveCfg = Debug|x86
		{17EF0E8B-59C6-4337-9627-FD615A336576}.Debug|x86.ActiveCfg = Debug|x86
		{17EF0E8B-59C6-4337-9627-FD615A336576}.Debug|x86.Build.0 = Debug|x86
		{17EF0E8B-59C6-4337-9627-FD615A336576}.Release|Any CPU.ActiveCfg = Release|x86
		{17EF0E8B-59C6-4337-9627-FD615A336576}.Release|x86.ActiveCfg = Release|x86
		{17EF0E8B-59C6-4337-9627-FD615A336576}.Release|x86.Build.0 = Release|x86
		{33D487AF-587A-4451-84B7-7A8FE7C1B187}.Debug|Any CPU.ActiveCfg = Debug|x86
		{33D487AF-587A-4451-84B7-7A8FE7C1B187}.Debug|x86.ActiveCfg = Debug|x86
		{33D487AF-587A-4451-84B7-7A8FE7C1B187}.Debug|x86.Build.0 = Debug|x86
		{33D487AF-587A-4451-84B7-7A8FE7C1B187}.Release|Any CPU.ActiveCfg = Release|x86
		{33D487AF-587A-4451-84B7-7A8FE7C1B187}.Release|x86.ActiveCfg = Release|x86
		{33D487AF-587A-4451-84B7-7A8FE7C1B187}.Release|x86.Build.0 = Release|x86
		{4D52782D-4277-40B8-B245-F61158006072}.Debug|Any CPU.ActiveCfg = Debug|Any CPU
		{4D52782D-4277-40B8-B245-F61158006072}.Debug|Any CPU.Build.0 = Debug|Any CPU
		{4D52782D-4277-40B8-B245-F61158006072}.Debug|x86.ActiveCfg = Debug|Any CPU
		{4D52782D-4277-40B8-B245-F61158006072}.Debug|x86.Build.0 = Debug|Any CPU
		{4D52782D-4277-40B8-B245-F61158006072}.Release|Any CPU.ActiveCfg = Release|Any CPU
		{4D52782D-4277-40B8-B245-F61158006072}.Release|Any CPU.Build.0 = Release|Any CPU
		{4D52782D-4277-40B8-B245-F61158006072}.Release|x86.ActiveCfg = Release|Any CPU
		{4D52782D-4277-40B8-B245-F61158006072}.Release|x86.Build.0 = Release|Any CPU
		{5954FC73-D634-4451-BB8D-E4221CF58BDB}.Debug|Any CPU.ActiveCfg = Debug|Any CPU
		{5954FC73-D634-4451-BB8D-E4221CF58BDB}.Debug|Any CPU.Build.0 = Debug|Any CPU
		{5954FC73-D634-4451-BB8D-E4221CF58BDB}.Debug|x86.ActiveCfg = Debug|Any CPU
		{5954FC73-D634-4451-BB8D-E4221CF58BDB}.Debug|x86.Build.0 = Debug|Any CPU
		{5954FC73-D634-4451-BB8D-E4221CF58BDB}.Release|Any CPU.ActiveCfg = Release|Any CPU
		{5954FC73-D634-4451-BB8D-E4221CF58BDB}.Release|Any CPU.Build.0 = Release|Any CPU
		{5954FC73-D634-4451-BB8D-E4221CF58BDB}.Release|x86.ActiveCfg = Release|Any CPU
		{5954FC73-D634-4451-BB8D-E4221CF58BDB}.Release|x86.Build.0 = Release|Any CPU
		{560F671D-A514-411A-9EAC-6112C75609A8}.Debug|Any CPU.ActiveCfg = Debug|Any CPU
		{560F671D-A514-411A-9EAC-6112C75609A8}.Debug|Any CPU.Build.0 = Debug|Any CPU
		{560F671D-A514-411A-9EAC-6112C75609A8}.Debug|x86.ActiveCfg = Debug|Any CPU
		{560F671D-A514-411A-9EAC-6112C75609A8}.Debug|x86.Build.0 = Debug|Any CPU
		{560F671D-A514-411A-9EAC-6112C75609A8}.Release|Any CPU.ActiveCfg = Release|Any CPU
		{560F671D-A514-411A-9EAC-6112C75609A8}.Release|Any CPU.Build.0 = Release|Any CPU
		{560F671D-A514-411A-9EAC-6112C75609A8}.Release|x86.ActiveCfg = Release|Any CPU
		{560F671D-A514-411A-9EAC-6112C75609A8}.Release|x86.Build.0 = Release|Any CPU
	EndGlobalSection
	GlobalSection(SolutionProperties) = preSolution
		HideSolutionNode = FALSE
	EndGlobalSection
EndGlobal
